{
  "name": "jsplumbtoolkit-demonstrations",
  "version": "6.19.0",
  "lockfileVersion": 2,
  "requires": true,
  "packages": {
    "": {
      "name": "jsplumbtoolkit-demonstrations",
      "version": "6.19.0",
      "hasInstallScript": true,
      "license": "MIT",
      "dependencies": {
        "@jsplumbtoolkit/browser-ui-react": "^6.20.0"
      }
    },
    "node_modules/@jsplumbtoolkit/browser-ui": {
      "version": "6.20.0",
      "resolved": "https://download.jsplumbtoolkit.com/repository/jsplumb-eval/@jsplumbtoolkit/browser-ui_588bf822-5590-43f3-8f03-3ccc638f2486/-/6.20.0",
      "integrity": "sha512-BAH2QZq/+2Z8NtyeZMmUiUUVrz7C08w6FgIpDI5Aec+AahyPIFBM9FbYuKr7sFdWiv/qp6mbt/A+LeVfcmI6Tw==",
      "license": "Commercial"
    },
    "node_modules/@jsplumbtoolkit/browser-ui-react": {
      "version": "6.20.0",
      "resolved": "https://download.jsplumbtoolkit.com/repository/jsplumb-eval/@jsplumbtoolkit/browser-ui-react_588bf822-5590-43f3-8f03-3ccc638f2486/-/6.20.0",
      "integrity": "sha512-GfqTIjrizh0G57axOvD/U7SSFb3FBEIDnwAgNZ7V4nESoo+GuA/UYDkq7z5g/xiUJr0J/28RXrSOiO5xaxqwfw==",
      "license": "Commercial",
      "dependencies": {
        "@jsplumbtoolkit/browser-ui": "6.20.0"
      }
    }
  },
  "dependencies": {
    "@jsplumbtoolkit/browser-ui": {
      "version": "6.20.0",
      "resolved": "https://download.jsplumbtoolkit.com/repository/jsplumb-eval/@jsplumbtoolkit/browser-ui_588bf822-5590-43f3-8f03-3ccc638f2486/-/6.20.0",
      "integrity": "sha512-BAH2QZq/+2Z8NtyeZMmUiUUVrz7C08w6FgIpDI5Aec+AahyPIFBM9FbYuKr7sFdWiv/qp6mbt/A+LeVfcmI6Tw=="
    },
    "@jsplumbtoolkit/browser-ui-react": {
      "version": "6.20.0",
      "resolved": "https://download.jsplumbtoolkit.com/repository/jsplumb-eval/@jsplumbtoolkit/browser-ui-react_588bf822-5590-43f3-8f03-3ccc638f2486/-/6.20.0",
      "integrity": "sha512-GfqTIjrizh0G57axOvD/U7SSFb3FBEIDnwAgNZ7V4nESoo+GuA/UYDkq7z5g/xiUJr0J/28RXrSOiO5xaxqwfw==",
      "requires": {
        "@jsplumbtoolkit/browser-ui": "6.20.0"
      }
    }
  }
}
